// !$*UTF8*$!
{
	archiveVersion = 1;
	classes = {
	};
	objectVersion = 48;
	objects = {

/* Begin PBXBuildFile section */
		356D23FC4AFA5323740C904D /* libPods-CastableTests.a in Frameworks */ = {isa = PBXBuildFile; fileRef = 6057EF749E8D1A11635B2C3D /* libPods-CastableTests.a */; };
		773C39273E5FA13F911AA896 /* libPods-Castable.a in Frameworks */ = {isa = PBXBuildFile; fileRef = C0116A905CFE7B38A157EE80 /* libPods-Castable.a */; };
		AF07DF8B6D6B249A68DEA8A3 /* libPods-CastableUITests.a in Frameworks */ = {isa = PBXBuildFile; fileRef = 347A95D421ACA093BC637366 /* libPods-CastableUITests.a */; };
		FB5ED3DE20408D3700EBDC18 /* CACastableAPI.m in Sources */ = {isa = PBXBuildFile; fileRef = FB5ED3DD20408D3700EBDC18 /* CACastableAPI.m */; };
		FB5ED3DF20408D3700EBDC18 /* CACastableAPI.m in Sources */ = {isa = PBXBuildFile; fileRef = FB5ED3DD20408D3700EBDC18 /* CACastableAPI.m */; };
		FB5ED3E020408D3700EBDC18 /* CACastableAPI.m in Sources */ = {isa = PBXBuildFile; fileRef = FB5ED3DD20408D3700EBDC18 /* CACastableAPI.m */; };
		FB5ED3E820409A6900EBDC18 /* CAViewController.m in Sources */ = {isa = PBXBuildFile; fileRef = FB5ED3E720409A6900EBDC18 /* CAViewController.m */; };
		FB5ED3E920409A6900EBDC18 /* CAViewController.m in Sources */ = {isa = PBXBuildFile; fileRef = FB5ED3E720409A6900EBDC18 /* CAViewController.m */; };
		FB5ED3EA20409A6900EBDC18 /* CAViewController.m in Sources */ = {isa = PBXBuildFile; fileRef = FB5ED3E720409A6900EBDC18 /* CAViewController.m */; };
		FB5ED3ED20409ADF00EBDC18 /* CALibraryViewController.m in Sources */ = {isa = PBXBuildFile; fileRef = FB5ED3EC20409ADF00EBDC18 /* CALibraryViewController.m */; };
		FB5ED3EE20409ADF00EBDC18 /* CALibraryViewController.m in Sources */ = {isa = PBXBuildFile; fileRef = FB5ED3EC20409ADF00EBDC18 /* CALibraryViewController.m */; };
		FB5ED3EF20409ADF00EBDC18 /* CALibraryViewController.m in Sources */ = {isa = PBXBuildFile; fileRef = FB5ED3EC20409ADF00EBDC18 /* CALibraryViewController.m */; };
		FB5ED3F220409E9800EBDC18 /* config.plist in Resources */ = {isa = PBXBuildFile; fileRef = FB5ED3F120409E9800EBDC18 /* config.plist */; };
		FB5ED3F320409E9800EBDC18 /* config.plist in Resources */ = {isa = PBXBuildFile; fileRef = FB5ED3F120409E9800EBDC18 /* config.plist */; };
		FB5ED3F420409E9800EBDC18 /* config.plist in Resources */ = {isa = PBXBuildFile; fileRef = FB5ED3F120409E9800EBDC18 /* config.plist */; };
		FB5ED3F820409F1400EBDC18 /* CAConfig.m in Sources */ = {isa = PBXBuildFile; fileRef = FB5ED3F720409F1400EBDC18 /* CAConfig.m */; };
		FB5ED3F920409F1400EBDC18 /* CAConfig.m in Sources */ = {isa = PBXBuildFile; fileRef = FB5ED3F720409F1400EBDC18 /* CAConfig.m */; };
		FB5ED3FA20409F1400EBDC18 /* CAConfig.m in Sources */ = {isa = PBXBuildFile; fileRef = FB5ED3F720409F1400EBDC18 /* CAConfig.m */; };
		FB5ED3FE2040A0C600EBDC18 /* CASingletons.m in Sources */ = {isa = PBXBuildFile; fileRef = FB5ED3FD2040A0C600EBDC18 /* CASingletons.m */; };
		FB5ED3FF2040A0C600EBDC18 /* CASingletons.m in Sources */ = {isa = PBXBuildFile; fileRef = FB5ED3FD2040A0C600EBDC18 /* CASingletons.m */; };
		FB5ED4002040A0C600EBDC18 /* CASingletons.m in Sources */ = {isa = PBXBuildFile; fileRef = FB5ED3FD2040A0C600EBDC18 /* CASingletons.m */; };
		FB9FA757204082220042E5A9 /* CAAppDelegate.m in Sources */ = {isa = PBXBuildFile; fileRef = FB9FA756204082220042E5A9 /* CAAppDelegate.m */; };
		FB9FA75A204082220042E5A9 /* CAHomeViewController.m in Sources */ = {isa = PBXBuildFile; fileRef = FB9FA759204082220042E5A9 /* CAHomeViewController.m */; };
		FB9FA75D204082220042E5A9 /* Main.storyboard in Resources */ = {isa = PBXBuildFile; fileRef = FB9FA75B204082220042E5A9 /* Main.storyboard */; };
		FB9FA760204082220042E5A9 /* Castable.xcdatamodeld in Sources */ = {isa = PBXBuildFile; fileRef = FB9FA75E204082220042E5A9 /* Castable.xcdatamodeld */; };
		FB9FA762204082220042E5A9 /* Assets.xcassets in Resources */ = {isa = PBXBuildFile; fileRef = FB9FA761204082220042E5A9 /* Assets.xcassets */; };
		FB9FA765204082220042E5A9 /* LaunchScreen.storyboard in Resources */ = {isa = PBXBuildFile; fileRef = FB9FA763204082220042E5A9 /* LaunchScreen.storyboard */; };
		FB9FA768204082220042E5A9 /* main.m in Sources */ = {isa = PBXBuildFile; fileRef = FB9FA767204082220042E5A9 /* main.m */; };
		FB9FA772204082220042E5A9 /* CastableTests.m in Sources */ = {isa = PBXBuildFile; fileRef = FB9FA771204082220042E5A9 /* CastableTests.m */; };
		FB9FA77D204082220042E5A9 /* CastableUITests.m in Sources */ = {isa = PBXBuildFile; fileRef = FB9FA77C204082220042E5A9 /* CastableUITests.m */; };
/* End PBXBuildFile section */

/* Begin PBXContainerItemProxy section */
		FB9FA76E204082220042E5A9 /* PBXContainerItemProxy */ = {
			isa = PBXContainerItemProxy;
			containerPortal = FB9FA74A204082210042E5A9 /* Project object */;
			proxyType = 1;
			remoteGlobalIDString = FB9FA751204082220042E5A9;
			remoteInfo = Castable;
		};
		FB9FA779204082220042E5A9 /* PBXContainerItemProxy */ = {
			isa = PBXContainerItemProxy;
			containerPortal = FB9FA74A204082210042E5A9 /* Project object */;
			proxyType = 1;
			remoteGlobalIDString = FB9FA751204082220042E5A9;
			remoteInfo = Castable;
		};
/* End PBXContainerItemProxy section */

/* Begin PBXFileReference section */
		1F222DB834A5373303C30E08 /* Pods-Castable.debug.xcconfig */ = {isa = PBXFileReference; includeInIndex = 1; lastKnownFileType = text.xcconfig; name = "Pods-Castable.debug.xcconfig"; path = "Pods/Target Support Files/Pods-Castable/Pods-Castable.debug.xcconfig"; sourceTree = "<group>"; };
		2877EFE86A54AB988D3825B1 /* Pods-Castable.release.xcconfig */ = {isa = PBXFileReference; includeInIndex = 1; lastKnownFileType = text.xcconfig; name = "Pods-Castable.release.xcconfig"; path = "Pods/Target Support Files/Pods-Castable/Pods-Castable.release.xcconfig"; sourceTree = "<group>"; };
		347A95D421ACA093BC637366 /* libPods-CastableUITests.a */ = {isa = PBXFileReference; explicitFileType = archive.ar; includeInIndex = 0; path = "libPods-CastableUITests.a"; sourceTree = BUILT_PRODUCTS_DIR; };
		4882B858A9A128F592F5D51C /* Pods-CastableTests.debug.xcconfig */ = {isa = PBXFileReference; includeInIndex = 1; lastKnownFileType = text.xcconfig; name = "Pods-CastableTests.debug.xcconfig"; path = "Pods/Target Support Files/Pods-CastableTests/Pods-CastableTests.debug.xcconfig"; sourceTree = "<group>"; };
		6057EF749E8D1A11635B2C3D /* libPods-CastableTests.a */ = {isa = PBXFileReference; explicitFileType = archive.ar; includeInIndex = 0; path = "libPods-CastableTests.a"; sourceTree = BUILT_PRODUCTS_DIR; };
		759C8C6677E5A32A2286BD66 /* Pods-CastableTests.release.xcconfig */ = {isa = PBXFileReference; includeInIndex = 1; lastKnownFileType = text.xcconfig; name = "Pods-CastableTests.release.xcconfig"; path = "Pods/Target Support Files/Pods-CastableTests/Pods-CastableTests.release.xcconfig"; sourceTree = "<group>"; };
		C0116A905CFE7B38A157EE80 /* libPods-Castable.a */ = {isa = PBXFileReference; explicitFileType = archive.ar; includeInIndex = 0; path = "libPods-Castable.a"; sourceTree = BUILT_PRODUCTS_DIR; };
		C4496E70318C121C44AD671F /* Pods-CastableUITests.release.xcconfig */ = {isa = PBXFileReference; includeInIndex = 1; lastKnownFileType = text.xcconfig; name = "Pods-CastableUITests.release.xcconfig"; path = "Pods/Target Support Files/Pods-CastableUITests/Pods-CastableUITests.release.xcconfig"; sourceTree = "<group>"; };
		CB3124E24BE3E6D64FFF87CB /* Pods-CastableUITests.debug.xcconfig */ = {isa = PBXFileReference; includeInIndex = 1; lastKnownFileType = text.xcconfig; name = "Pods-CastableUITests.debug.xcconfig"; path = "Pods/Target Support Files/Pods-CastableUITests/Pods-CastableUITests.debug.xcconfig"; sourceTree = "<group>"; };
		FB5ED3DC20408D3700EBDC18 /* CACastableAPI.h */ = {isa = PBXFileReference; lastKnownFileType = sourcecode.c.h; path = CACastableAPI.h; sourceTree = "<group>"; };
		FB5ED3DD20408D3700EBDC18 /* CACastableAPI.m */ = {isa = PBXFileReference; lastKnownFileType = sourcecode.c.objc; path = CACastableAPI.m; sourceTree = "<group>"; };
		FB5ED3E620409A6900EBDC18 /* CAViewController.h */ = {isa = PBXFileReference; lastKnownFileType = sourcecode.c.h; path = CAViewController.h; sourceTree = "<group>"; };
		FB5ED3E720409A6900EBDC18 /* CAViewController.m */ = {isa = PBXFileReference; lastKnownFileType = sourcecode.c.objc; path = CAViewController.m; sourceTree = "<group>"; };
		FB5ED3EB20409ADF00EBDC18 /* CALibraryViewController.h */ = {isa = PBXFileReference; lastKnownFileType = sourcecode.c.h; path = CALibraryViewController.h; sourceTree = "<group>"; };
		FB5ED3EC20409ADF00EBDC18 /* CALibraryViewController.m */ = {isa = PBXFileReference; lastKnownFileType = sourcecode.c.objc; path = CALibraryViewController.m; sourceTree = "<group>"; };
		FB5ED3F120409E9800EBDC18 /* config.plist */ = {isa = PBXFileReference; lastKnownFileType = text.plist.xml; path = config.plist; sourceTree = "<group>"; };
		FB5ED3F620409F1400EBDC18 /* CAConfig.h */ = {isa = PBXFileReference; lastKnownFileType = sourcecode.c.h; path = CAConfig.h; sourceTree = "<group>"; };
		FB5ED3F720409F1400EBDC18 /* CAConfig.m */ = {isa = PBXFileReference; lastKnownFileType = sourcecode.c.objc; path = CAConfig.m; sourceTree = "<group>"; };
		FB5ED3FC2040A0C600EBDC18 /* CASingletons.h */ = {isa = PBXFileReference; lastKnownFileType = sourcecode.c.h; path = CASingletons.h; sourceTree = "<group>"; };
		FB5ED3FD2040A0C600EBDC18 /* CASingletons.m */ = {isa = PBXFileReference; lastKnownFileType = sourcecode.c.objc; path = CASingletons.m; sourceTree = "<group>"; };
		FB5ED4012040A10900EBDC18 /* CASingleton.h */ = {isa = PBXFileReference; lastKnownFileType = sourcecode.c.h; path = CASingleton.h; sourceTree = "<group>"; };
		FB9FA752204082220042E5A9 /* Castable.app */ = {isa = PBXFileReference; explicitFileType = wrapper.application; includeInIndex = 0; path = Castable.app; sourceTree = BUILT_PRODUCTS_DIR; };
		FB9FA755204082220042E5A9 /* CAAppDelegate.h */ = {isa = PBXFileReference; lastKnownFileType = sourcecode.c.h; path = CAAppDelegate.h; sourceTree = "<group>"; };
		FB9FA756204082220042E5A9 /* CAAppDelegate.m */ = {isa = PBXFileReference; lastKnownFileType = sourcecode.c.objc; path = CAAppDelegate.m; sourceTree = "<group>"; };
		FB9FA758204082220042E5A9 /* CAHomeViewController.h */ = {isa = PBXFileReference; lastKnownFileType = sourcecode.c.h; path = CAHomeViewController.h; sourceTree = "<group>"; };
		FB9FA759204082220042E5A9 /* CAHomeViewController.m */ = {isa = PBXFileReference; lastKnownFileType = sourcecode.c.objc; path = CAHomeViewController.m; sourceTree = "<group>"; };
		FB9FA75C204082220042E5A9 /* Base */ = {isa = PBXFileReference; lastKnownFileType = file.storyboard; name = Base; path = Base.lproj/Main.storyboard; sourceTree = "<group>"; };
		FB9FA75F204082220042E5A9 /* Castable.xcdatamodel */ = {isa = PBXFileReference; lastKnownFileType = wrapper.xcdatamodel; path = Castable.xcdatamodel; sourceTree = "<group>"; };
		FB9FA761204082220042E5A9 /* Assets.xcassets */ = {isa = PBXFileReference; lastKnownFileType = folder.assetcatalog; path = Assets.xcassets; sourceTree = "<group>"; };
		FB9FA764204082220042E5A9 /* Base */ = {isa = PBXFileReference; lastKnownFileType = file.storyboard; name = Base; path = Base.lproj/LaunchScreen.storyboard; sourceTree = "<group>"; };
		FB9FA766204082220042E5A9 /* Info.plist */ = {isa = PBXFileReference; lastKnownFileType = text.plist.xml; path = Info.plist; sourceTree = "<group>"; };
		FB9FA767204082220042E5A9 /* main.m */ = {isa = PBXFileReference; lastKnownFileType = sourcecode.c.objc; path = main.m; sourceTree = "<group>"; };
		FB9FA76D204082220042E5A9 /* CastableTests.xctest */ = {isa = PBXFileReference; explicitFileType = wrapper.cfbundle; includeInIndex = 0; path = CastableTests.xctest; sourceTree = BUILT_PRODUCTS_DIR; };
		FB9FA771204082220042E5A9 /* CastableTests.m */ = {isa = PBXFileReference; lastKnownFileType = sourcecode.c.objc; path = CastableTests.m; sourceTree = "<group>"; };
		FB9FA773204082220042E5A9 /* Info.plist */ = {isa = PBXFileReference; lastKnownFileType = text.plist.xml; path = Info.plist; sourceTree = "<group>"; };
		FB9FA778204082220042E5A9 /* CastableUITests.xctest */ = {isa = PBXFileReference; explicitFileType = wrapper.cfbundle; includeInIndex = 0; path = CastableUITests.xctest; sourceTree = BUILT_PRODUCTS_DIR; };
		FB9FA77C204082220042E5A9 /* CastableUITests.m */ = {isa = PBXFileReference; lastKnownFileType = sourcecode.c.objc; path = CastableUITests.m; sourceTree = "<group>"; };
		FB9FA77E204082220042E5A9 /* Info.plist */ = {isa = PBXFileReference; lastKnownFileType = text.plist.xml; path = Info.plist; sourceTree = "<group>"; };
/* End PBXFileReference section */

/* Begin PBXFrameworksBuildPhase section */
		FB9FA74F204082220042E5A9 /* Frameworks */ = {
			isa = PBXFrameworksBuildPhase;
			buildActionMask = 2147483647;
			files = (
				773C39273E5FA13F911AA896 /* libPods-Castable.a in Frameworks */,
			);
			runOnlyForDeploymentPostprocessing = 0;
		};
		FB9FA76A204082220042E5A9 /* Frameworks */ = {
			isa = PBXFrameworksBuildPhase;
			buildActionMask = 2147483647;
			files = (
				356D23FC4AFA5323740C904D /* libPods-CastableTests.a in Frameworks */,
			);
			runOnlyForDeploymentPostprocessing = 0;
		};
		FB9FA775204082220042E5A9 /* Frameworks */ = {
			isa = PBXFrameworksBuildPhase;
			buildActionMask = 2147483647;
			files = (
				AF07DF8B6D6B249A68DEA8A3 /* libPods-CastableUITests.a in Frameworks */,
			);
			runOnlyForDeploymentPostprocessing = 0;
		};
/* End PBXFrameworksBuildPhase section */

/* Begin PBXGroup section */
		6B9268C31261462AA583D5DB /* Frameworks */ = {
			isa = PBXGroup;
			children = (
				C0116A905CFE7B38A157EE80 /* libPods-Castable.a */,
				6057EF749E8D1A11635B2C3D /* libPods-CastableTests.a */,
				347A95D421ACA093BC637366 /* libPods-CastableUITests.a */,
			);
			name = Frameworks;
			sourceTree = "<group>";
		};
		9FA03AE1714A1DD586D35E72 /* Pods */ = {
			isa = PBXGroup;
			children = (
				1F222DB834A5373303C30E08 /* Pods-Castable.debug.xcconfig */,
				2877EFE86A54AB988D3825B1 /* Pods-Castable.release.xcconfig */,
				4882B858A9A128F592F5D51C /* Pods-CastableTests.debug.xcconfig */,
				759C8C6677E5A32A2286BD66 /* Pods-CastableTests.release.xcconfig */,
				CB3124E24BE3E6D64FFF87CB /* Pods-CastableUITests.debug.xcconfig */,
				C4496E70318C121C44AD671F /* Pods-CastableUITests.release.xcconfig */,
			);
			name = Pods;
			sourceTree = "<group>";
		};
		FB5ED3D720408A4D00EBDC18 /* API */ = {
			isa = PBXGroup;
			children = (
				FB5ED3DC20408D3700EBDC18 /* CACastableAPI.h */,
				FB5ED3DD20408D3700EBDC18 /* CACastableAPI.m */,
			);
			path = API;
			sourceTree = "<group>";
		};
		FB5ED3E120408FAC00EBDC18 /* Library */ = {
			isa = PBXGroup;
			children = (
				FB5ED3F520409EF500EBDC18 /* Config */,
				FB5ED3D720408A4D00EBDC18 /* API */,
				FB5ED3FC2040A0C600EBDC18 /* CASingletons.h */,
				FB5ED3FD2040A0C600EBDC18 /* CASingletons.m */,
				FB5ED4012040A10900EBDC18 /* CASingleton.h */,
			);
			path = Library;
			sourceTree = "<group>";
		};
		FB5ED3E2204099F000EBDC18 /* Interface */ = {
			isa = PBXGroup;
			children = (
				FB5ED3E320409A0000EBDC18 /* Controllers */,
			);
			path = Interface;
			sourceTree = "<group>";
		};
		FB5ED3E320409A0000EBDC18 /* Controllers */ = {
			isa = PBXGroup;
			children = (
				FB5ED3E520409A4200EBDC18 /* Library */,
				FB5ED3E420409A3800EBDC18 /* Home */,
				FB5ED3E620409A6900EBDC18 /* CAViewController.h */,
				FB5ED3E720409A6900EBDC18 /* CAViewController.m */,
			);
			path = Controllers;
			sourceTree = "<group>";
		};
		FB5ED3E420409A3800EBDC18 /* Home */ = {
			isa = PBXGroup;
			children = (
				FB9FA758204082220042E5A9 /* CAHomeViewController.h */,
				FB9FA759204082220042E5A9 /* CAHomeViewController.m */,
			);
			path = Home;
			sourceTree = "<group>";
		};
		FB5ED3E520409A4200EBDC18 /* Library */ = {
			isa = PBXGroup;
			children = (
				FB5ED3EB20409ADF00EBDC18 /* CALibraryViewController.h */,
				FB5ED3EC20409ADF00EBDC18 /* CALibraryViewController.m */,
			);
			path = Library;
			sourceTree = "<group>";
		};
		FB5ED3F020409DEE00EBDC18 /* Resources */ = {
			isa = PBXGroup;
			children = (
				FB5ED3F120409E9800EBDC18 /* config.plist */,
			);
			path = Resources;
			sourceTree = "<group>";
		};
		FB5ED3F520409EF500EBDC18 /* Config */ = {
			isa = PBXGroup;
			children = (
				FB5ED3F620409F1400EBDC18 /* CAConfig.h */,
				FB5ED3F720409F1400EBDC18 /* CAConfig.m */,
			);
			path = Config;
			sourceTree = "<group>";
		};
		FB9FA749204082210042E5A9 = {
			isa = PBXGroup;
			children = (
				FB9FA754204082220042E5A9 /* Castable */,
				FB9FA770204082220042E5A9 /* CastableTests */,
				FB9FA77B204082220042E5A9 /* CastableUITests */,
				FB9FA753204082220042E5A9 /* Products */,
				9FA03AE1714A1DD586D35E72 /* Pods */,
				6B9268C31261462AA583D5DB /* Frameworks */,
			);
			sourceTree = "<group>";
		};
		FB9FA753204082220042E5A9 /* Products */ = {
			isa = PBXGroup;
			children = (
				FB9FA752204082220042E5A9 /* Castable.app */,
				FB9FA76D204082220042E5A9 /* CastableTests.xctest */,
				FB9FA778204082220042E5A9 /* CastableUITests.xctest */,
			);
			name = Products;
			sourceTree = "<group>";
		};
		FB9FA754204082220042E5A9 /* Castable */ = {
			isa = PBXGroup;
			children = (
				FB5ED3F020409DEE00EBDC18 /* Resources */,
				FB5ED3E2204099F000EBDC18 /* Interface */,
				FB5ED3E120408FAC00EBDC18 /* Library */,
				FB9FA755204082220042E5A9 /* CAAppDelegate.h */,
				FB9FA756204082220042E5A9 /* CAAppDelegate.m */,
				FB9FA75B204082220042E5A9 /* Main.storyboard */,
				FB9FA761204082220042E5A9 /* Assets.xcassets */,
				FB9FA763204082220042E5A9 /* LaunchScreen.storyboard */,
				FB9FA766204082220042E5A9 /* Info.plist */,
				FB9FA767204082220042E5A9 /* main.m */,
				FB9FA75E204082220042E5A9 /* Castable.xcdatamodeld */,
			);
			path = Castable;
			sourceTree = "<group>";
		};
		FB9FA770204082220042E5A9 /* CastableTests */ = {
			isa = PBXGroup;
			children = (
				FB9FA771204082220042E5A9 /* CastableTests.m */,
				FB9FA773204082220042E5A9 /* Info.plist */,
			);
			path = CastableTests;
			sourceTree = "<group>";
		};
		FB9FA77B204082220042E5A9 /* CastableUITests */ = {
			isa = PBXGroup;
			children = (
				FB9FA77C204082220042E5A9 /* CastableUITests.m */,
				FB9FA77E204082220042E5A9 /* Info.plist */,
			);
			path = CastableUITests;
			sourceTree = "<group>";
		};
/* End PBXGroup section */

/* Begin PBXNativeTarget section */
		FB9FA751204082220042E5A9 /* Castable */ = {
			isa = PBXNativeTarget;
			buildConfigurationList = FB9FA781204082220042E5A9 /* Build configuration list for PBXNativeTarget "Castable" */;
			buildPhases = (
				45DA4E7D7346C0F97DA29E39 /* [CP] Check Pods Manifest.lock */,
				FB9FA74E204082220042E5A9 /* Sources */,
				FB9FA74F204082220042E5A9 /* Frameworks */,
				FB9FA750204082220042E5A9 /* Resources */,
				75BEB164E3DD6B6128E923F6 /* [CP] Embed Pods Frameworks */,
				97357091687EBA52BC07973C /* [CP] Copy Pods Resources */,
			);
			buildRules = (
			);
			dependencies = (
			);
			name = Castable;
			productName = Castable;
			productReference = FB9FA752204082220042E5A9 /* Castable.app */;
			productType = "com.apple.product-type.application";
		};
		FB9FA76C204082220042E5A9 /* CastableTests */ = {
			isa = PBXNativeTarget;
			buildConfigurationList = FB9FA784204082220042E5A9 /* Build configuration list for PBXNativeTarget "CastableTests" */;
			buildPhases = (
				66899D084EBAC4EC61D6A456 /* [CP] Check Pods Manifest.lock */,
				FB9FA769204082220042E5A9 /* Sources */,
				FB9FA76A204082220042E5A9 /* Frameworks */,
				FB9FA76B204082220042E5A9 /* Resources */,
				282907D0E00E03D6B940E1C9 /* [CP] Embed Pods Frameworks */,
				7D8BCA658B64BB2FD260CEC6 /* [CP] Copy Pods Resources */,
			);
			buildRules = (
			);
			dependencies = (
				FB9FA76F204082220042E5A9 /* PBXTargetDependency */,
			);
			name = CastableTests;
			productName = CastableTests;
			productReference = FB9FA76D204082220042E5A9 /* CastableTests.xctest */;
			productType = "com.apple.product-type.bundle.unit-test";
		};
		FB9FA777204082220042E5A9 /* CastableUITests */ = {
			isa = PBXNativeTarget;
			buildConfigurationList = FB9FA787204082220042E5A9 /* Build configuration list for PBXNativeTarget "CastableUITests" */;
			buildPhases = (
				99901FDBDB8A525D2785444F /* [CP] Check Pods Manifest.lock */,
				FB9FA774204082220042E5A9 /* Sources */,
				FB9FA775204082220042E5A9 /* Frameworks */,
				FB9FA776204082220042E5A9 /* Resources */,
				7D9F51FF301BA922CA13E44A /* [CP] Embed Pods Frameworks */,
				7277B63B836228AEB8289735 /* [CP] Copy Pods Resources */,
			);
			buildRules = (
			);
			dependencies = (
				FB9FA77A204082220042E5A9 /* PBXTargetDependency */,
			);
			name = CastableUITests;
			productName = CastableUITests;
			productReference = FB9FA778204082220042E5A9 /* CastableUITests.xctest */;
			productType = "com.apple.product-type.bundle.ui-testing";
		};
/* End PBXNativeTarget section */

/* Begin PBXProject section */
		FB9FA74A204082210042E5A9 /* Project object */ = {
			isa = PBXProject;
			attributes = {
				LastUpgradeCheck = 0920;
				ORGANIZATIONNAME = Panopsis;
				TargetAttributes = {
					FB9FA751204082220042E5A9 = {
						CreatedOnToolsVersion = 9.2;
						ProvisioningStyle = Automatic;
					};
					FB9FA76C204082220042E5A9 = {
						CreatedOnToolsVersion = 9.2;
						ProvisioningStyle = Automatic;
						TestTargetID = FB9FA751204082220042E5A9;
					};
					FB9FA777204082220042E5A9 = {
						CreatedOnToolsVersion = 9.2;
						ProvisioningStyle = Automatic;
						TestTargetID = FB9FA751204082220042E5A9;
					};
				};
			};
			buildConfigurationList = FB9FA74D204082210042E5A9 /* Build configuration list for PBXProject "Castable" */;
			compatibilityVersion = "Xcode 8.0";
			developmentRegion = en;
			hasScannedForEncodings = 0;
			knownRegions = (
				en,
				Base,
			);
			mainGroup = FB9FA749204082210042E5A9;
			productRefGroup = FB9FA753204082220042E5A9 /* Products */;
			projectDirPath = "";
			projectRoot = "";
			targets = (
				FB9FA751204082220042E5A9 /* Castable */,
				FB9FA76C204082220042E5A9 /* CastableTests */,
				FB9FA777204082220042E5A9 /* CastableUITests */,
			);
		};
/* End PBXProject section */

/* Begin PBXResourcesBuildPhase section */
		FB9FA750204082220042E5A9 /* Resources */ = {
			isa = PBXResourcesBuildPhase;
			buildActionMask = 2147483647;
			files = (
				FB5ED3F220409E9800EBDC18 /* config.plist in Resources */,
				FB9FA765204082220042E5A9 /* LaunchScreen.storyboard in Resources */,
				FB9FA762204082220042E5A9 /* Assets.xcassets in Resources */,
				FB9FA75D204082220042E5A9 /* Main.storyboard in Resources */,
			);
			runOnlyForDeploymentPostprocessing = 0;
		};
		FB9FA76B204082220042E5A9 /* Resources */ = {
			isa = PBXResourcesBuildPhase;
			buildActionMask = 2147483647;
			files = (
				FB5ED3F320409E9800EBDC18 /* config.plist in Resources */,
			);
			runOnlyForDeploymentPostprocessing = 0;
		};
		FB9FA776204082220042E5A9 /* Resources */ = {
			isa = PBXResourcesBuildPhase;
			buildActionMask = 2147483647;
			files = (
				FB5ED3F420409E9800EBDC18 /* config.plist in Resources */,
			);
			runOnlyForDeploymentPostprocessing = 0;
		};
/* End PBXResourcesBuildPhase section */

/* Begin PBXShellScriptBuildPhase section */
		282907D0E00E03D6B940E1C9 /* [CP] Embed Pods Frameworks */ = {
			isa = PBXShellScriptBuildPhase;
			buildActionMask = 2147483647;
			files = (
			);
			inputPaths = (
			);
			name = "[CP] Embed Pods Frameworks";
			outputPaths = (
			);
			runOnlyForDeploymentPostprocessing = 0;
			shellPath = /bin/sh;
			shellScript = "\"${SRCROOT}/Pods/Target Support Files/Pods-CastableTests/Pods-CastableTests-frameworks.sh\"\n";
			showEnvVarsInLog = 0;
		};
		45DA4E7D7346C0F97DA29E39 /* [CP] Check Pods Manifest.lock */ = {
			isa = PBXShellScriptBuildPhase;
			buildActionMask = 2147483647;
			files = (
			);
			inputPaths = (
				"${PODS_PODFILE_DIR_PATH}/Podfile.lock",
				"${PODS_ROOT}/Manifest.lock",
			);
			name = "[CP] Check Pods Manifest.lock";
			outputPaths = (
				"$(DERIVED_FILE_DIR)/Pods-Castable-checkManifestLockResult.txt",
			);
			runOnlyForDeploymentPostprocessing = 0;
			shellPath = /bin/sh;
			shellScript = "diff \"${PODS_PODFILE_DIR_PATH}/Podfile.lock\" \"${PODS_ROOT}/Manifest.lock\" > /dev/null\nif [ $? != 0 ] ; then\n    # print error to STDERR\n    echo \"error: The sandbox is not in sync with the Podfile.lock. Run 'pod install' or update your CocoaPods installation.\" >&2\n    exit 1\nfi\n# This output is used by Xcode 'outputs' to avoid re-running this script phase.\necho \"SUCCESS\" > \"${SCRIPT_OUTPUT_FILE_0}\"\n";
			showEnvVarsInLog = 0;
		};
		66899D084EBAC4EC61D6A456 /* [CP] Check Pods Manifest.lock */ = {
			isa = PBXShellScriptBuildPhase;
			buildActionMask = 2147483647;
			files = (
			);
			inputPaths = (
				"${PODS_PODFILE_DIR_PATH}/Podfile.lock",
				"${PODS_ROOT}/Manifest.lock",
			);
			name = "[CP] Check Pods Manifest.lock";
			outputPaths = (
				"$(DERIVED_FILE_DIR)/Pods-CastableTests-checkManifestLockResult.txt",
			);
			runOnlyForDeploymentPostprocessing = 0;
			shellPath = /bin/sh;
			shellScript = "diff \"${PODS_PODFILE_DIR_PATH}/Podfile.lock\" \"${PODS_ROOT}/Manifest.lock\" > /dev/null\nif [ $? != 0 ] ; then\n    # print error to STDERR\n    echo \"error: The sandbox is not in sync with the Podfile.lock. Run 'pod install' or update your CocoaPods installation.\" >&2\n    exit 1\nfi\n# This output is used by Xcode 'outputs' to avoid re-running this script phase.\necho \"SUCCESS\" > \"${SCRIPT_OUTPUT_FILE_0}\"\n";
			showEnvVarsInLog = 0;
		};
		7277B63B836228AEB8289735 /* [CP] Copy Pods Resources */ = {
			isa = PBXShellScriptBuildPhase;
			buildActionMask = 2147483647;
			files = (
			);
			inputPaths = (
			);
			name = "[CP] Copy Pods Resources";
			outputPaths = (
			);
			runOnlyForDeploymentPostprocessing = 0;
			shellPath = /bin/sh;
			shellScript = "\"${SRCROOT}/Pods/Target Support Files/Pods-CastableUITests/Pods-CastableUITests-resources.sh\"\n";
			showEnvVarsInLog = 0;
		};
		75BEB164E3DD6B6128E923F6 /* [CP] Embed Pods Frameworks */ = {
			isa = PBXShellScriptBuildPhase;
			buildActionMask = 2147483647;
			files = (
			);
			inputPaths = (
			);
			name = "[CP] Embed Pods Frameworks";
			outputPaths = (
			);
			runOnlyForDeploymentPostprocessing = 0;
			shellPath = /bin/sh;
			shellScript = "\"${SRCROOT}/Pods/Target Support Files/Pods-Castable/Pods-Castable-frameworks.sh\"\n";
			showEnvVarsInLog = 0;
		};
		7D8BCA658B64BB2FD260CEC6 /* [CP] Copy Pods Resources */ = {
			isa = PBXShellScriptBuildPhase;
			buildActionMask = 2147483647;
			files = (
			);
			inputPaths = (
			);
			name = "[CP] Copy Pods Resources";
			outputPaths = (
			);
			runOnlyForDeploymentPostprocessing = 0;
			shellPath = /bin/sh;
			shellScript = "\"${SRCROOT}/Pods/Target Support Files/Pods-CastableTests/Pods-CastableTests-resources.sh\"\n";
			showEnvVarsInLog = 0;
		};
		7D9F51FF301BA922CA13E44A /* [CP] Embed Pods Frameworks */ = {
			isa = PBXShellScriptBuildPhase;
			buildActionMask = 2147483647;
			files = (
			);
			inputPaths = (
			);
			name = "[CP] Embed Pods Frameworks";
			outputPaths = (
			);
			runOnlyForDeploymentPostprocessing = 0;
			shellPath = /bin/sh;
			shellScript = "\"${SRCROOT}/Pods/Target Support Files/Pods-CastableUITests/Pods-CastableUITests-frameworks.sh\"\n";
			showEnvVarsInLog = 0;
		};
		97357091687EBA52BC07973C /* [CP] Copy Pods Resources */ = {
			isa = PBXShellScriptBuildPhase;
			buildActionMask = 2147483647;
			files = (
			);
			inputPaths = (
			);
			name = "[CP] Copy Pods Resources";
			outputPaths = (
			);
			runOnlyForDeploymentPostprocessing = 0;
			shellPath = /bin/sh;
			shellScript = "\"${SRCROOT}/Pods/Target Support Files/Pods-Castable/Pods-Castable-resources.sh\"\n";
			showEnvVarsInLog = 0;
		};
		99901FDBDB8A525D2785444F /* [CP] Check Pods Manifest.lock */ = {
			isa = PBXShellScriptBuildPhase;
			buildActionMask = 2147483647;
			files = (
			);
			inputPaths = (
				"${PODS_PODFILE_DIR_PATH}/Podfile.lock",
				"${PODS_ROOT}/Manifest.lock",
			);
			name = "[CP] Check Pods Manifest.lock";
			outputPaths = (
				"$(DERIVED_FILE_DIR)/Pods-CastableUITests-checkManifestLockResult.txt",
			);
			runOnlyForDeploymentPostprocessing = 0;
			shellPath = /bin/sh;
			shellScript = "diff \"${PODS_PODFILE_DIR_PATH}/Podfile.lock\" \"${PODS_ROOT}/Manifest.lock\" > /dev/null\nif [ $? != 0 ] ; then\n    # print error to STDERR\n    echo \"error: The sandbox is not in sync with the Podfile.lock. Run 'pod install' or update your CocoaPods installation.\" >&2\n    exit 1\nfi\n# This output is used by Xcode 'outputs' to avoid re-running this script phase.\necho \"SUCCESS\" > \"${SCRIPT_OUTPUT_FILE_0}\"\n";
			showEnvVarsInLog = 0;
		};
/* End PBXShellScriptBuildPhase section */

/* Begin PBXSourcesBuildPhase section */
		FB9FA74E204082220042E5A9 /* Sources */ = {
			isa = PBXSourcesBuildPhase;
			buildActionMask = 2147483647;
			files = (
				FB5ED3ED20409ADF00EBDC18 /* CALibraryViewController.m in Sources */,
				FB9FA75A204082220042E5A9 /* CAHomeViewController.m in Sources */,
				FB5ED3DE20408D3700EBDC18 /* CACastableAPI.m in Sources */,
				FB5ED3E820409A6900EBDC18 /* CAViewController.m in Sources */,
				FB9FA760204082220042E5A9 /* Castable.xcdatamodeld in Sources */,
				FB9FA768204082220042E5A9 /* main.m in Sources */,
				FB9FA757204082220042E5A9 /* CAAppDelegate.m in Sources */,
				FB5ED3FE2040A0C600EBDC18 /* CASingletons.m in Sources */,
				FB5ED3F820409F1400EBDC18 /* CAConfig.m in Sources */,
			);
			runOnlyForDeploymentPostprocessing = 0;
		};
		FB9FA769204082220042E5A9 /* Sources */ = {
			isa = PBXSourcesBuildPhase;
			buildActionMask = 2147483647;
			files = (
				FB5ED3EE20409ADF00EBDC18 /* CALibraryViewController.m in Sources */,
				FB5ED3FF2040A0C600EBDC18 /* CASingletons.m in Sources */,
				FB9FA772204082220042E5A9 /* CastableTests.m in Sources */,
				FB5ED3DF20408D3700EBDC18 /* CACastableAPI.m in Sources */,
				FB5ED3F920409F1400EBDC18 /* CAConfig.m in Sources */,
				FB5ED3E920409A6900EBDC18 /* CAViewController.m in Sources */,
			);
			runOnlyForDeploymentPostprocessing = 0;
		};
		FB9FA774204082220042E5A9 /* Sources */ = {
			isa = PBXSourcesBuildPhase;
			buildActionMask = 2147483647;
			files = (
				FB5ED3EF20409ADF00EBDC18 /* CALibraryViewController.m in Sources */,
				FB5ED4002040A0C600EBDC18 /* CASingletons.m in Sources */,
				FB9FA77D204082220042E5A9 /* CastableUITests.m in Sources */,
				FB5ED3E020408D3700EBDC18 /* CACastableAPI.m in Sources */,
				FB5ED3FA20409F1400EBDC18 /* CAConfig.m in Sources */,
				FB5ED3EA20409A6900EBDC18 /* CAViewController.m in Sources */,
			);
			runOnlyForDeploymentPostprocessing = 0;
		};
/* End PBXSourcesBuildPhase section */

/* Begin PBXTargetDependency section */
		FB9FA76F204082220042E5A9 /* PBXTargetDependency */ = {
			isa = PBXTargetDependency;
			target = FB9FA751204082220042E5A9 /* Castable */;
			targetProxy = FB9FA76E204082220042E5A9 /* PBXContainerItemProxy */;
		};
		FB9FA77A204082220042E5A9 /* PBXTargetDependency */ = {
			isa = PBXTargetDependency;
			target = FB9FA751204082220042E5A9 /* Castable */;
			targetProxy = FB9FA779204082220042E5A9 /* PBXContainerItemProxy */;
		};
/* End PBXTargetDependency section */

/* Begin PBXVariantGroup section */
		FB9FA75B204082220042E5A9 /* Main.storyboard */ = {
			isa = PBXVariantGroup;
			children = (
				FB9FA75C204082220042E5A9 /* Base */,
			);
			name = Main.storyboard;
			sourceTree = "<group>";
		};
		FB9FA763204082220042E5A9 /* LaunchScreen.storyboard */ = {
			isa = PBXVariantGroup;
			children = (
				FB9FA764204082220042E5A9 /* Base */,
			);
			name = LaunchScreen.storyboard;
			sourceTree = "<group>";
		};
/* End PBXVariantGroup section */

/* Begin XCBuildConfiguration section */
		FB9FA77F204082220042E5A9 /* Debug */ = {
			isa = XCBuildConfiguration;
			buildSettings = {
				ALWAYS_SEARCH_USER_PATHS = NO;
				CLANG_ANALYZER_NONNULL = YES;
				CLANG_ANALYZER_NUMBER_OBJECT_CONVERSION = YES_AGGRESSIVE;
				CLANG_CXX_LANGUAGE_STANDARD = "gnu++14";
				CLANG_CXX_LIBRARY = "libc++";
				CLANG_ENABLE_MODULES = YES;
				CLANG_ENABLE_OBJC_ARC = YES;
				CLANG_WARN_BLOCK_CAPTURE_AUTORELEASING = YES;
				CLANG_WARN_BOOL_CONVERSION = YES;
				CLANG_WARN_COMMA = YES;
				CLANG_WARN_CONSTANT_CONVERSION = YES;
				CLANG_WARN_DIRECT_OBJC_ISA_USAGE = YES_ERROR;
				CLANG_WARN_DOCUMENTATION_COMMENTS = YES;
				CLANG_WARN_EMPTY_BODY = YES;
				CLANG_WARN_ENUM_CONVERSION = YES;
				CLANG_WARN_INFINITE_RECURSION = YES;
				CLANG_WARN_INT_CONVERSION = YES;
				CLANG_WARN_NON_LITERAL_NULL_CONVERSION = YES;
				CLANG_WARN_OBJC_LITERAL_CONVERSION = YES;
				CLANG_WARN_OBJC_ROOT_CLASS = YES_ERROR;
				CLANG_WARN_RANGE_LOOP_ANALYSIS = YES;
				CLANG_WARN_STRICT_PROTOTYPES = YES;
				CLANG_WARN_SUSPICIOUS_MOVE = YES;
				CLANG_WARN_UNGUARDED_AVAILABILITY = YES_AGGRESSIVE;
				CLANG_WARN_UNREACHABLE_CODE = YES;
				CLANG_WARN__DUPLICATE_METHOD_MATCH = YES;
				CODE_SIGN_IDENTITY = "iPhone Developer";
				COPY_PHASE_STRIP = NO;
				DEBUG_INFORMATION_FORMAT = dwarf;
				ENABLE_STRICT_OBJC_MSGSEND = YES;
				ENABLE_TESTABILITY = YES;
				GCC_C_LANGUAGE_STANDARD = gnu11;
				GCC_DYNAMIC_NO_PIC = NO;
				GCC_NO_COMMON_BLOCKS = YES;
				GCC_OPTIMIZATION_LEVEL = 0;
				GCC_PREPROCESSOR_DEFINITIONS = (
					"DEBUG=1",
					"$(inherited)",
				);
				GCC_WARN_64_TO_32_BIT_CONVERSION = YES;
				GCC_WARN_ABOUT_RETURN_TYPE = YES_ERROR;
				GCC_WARN_UNDECLARED_SELECTOR = YES;
				GCC_WARN_UNINITIALIZED_AUTOS = YES_AGGRESSIVE;
				GCC_WARN_UNUSED_FUNCTION = YES;
				GCC_WARN_UNUSED_VARIABLE = YES;
				IPHONEOS_DEPLOYMENT_TARGET = 11.2;
				MTL_ENABLE_DEBUG_INFO = YES;
				ONLY_ACTIVE_ARCH = YES;
				SDKROOT = iphoneos;
			};
			name = Debug;
		};
		FB9FA780204082220042E5A9 /* Release */ = {
			isa = XCBuildConfiguration;
			buildSettings = {
				ALWAYS_SEARCH_USER_PATHS = NO;
				CLANG_ANALYZER_NONNULL = YES;
				CLANG_ANALYZER_NUMBER_OBJECT_CONVERSION = YES_AGGRESSIVE;
				CLANG_CXX_LANGUAGE_STANDARD = "gnu++14";
				CLANG_CXX_LIBRARY = "libc++";
				CLANG_ENABLE_MODULES = YES;
				CLANG_ENABLE_OBJC_ARC = YES;
				CLANG_WARN_BLOCK_CAPTURE_AUTORELEASING = YES;
				CLANG_WARN_BOOL_CONVERSION = YES;
				CLANG_WARN_COMMA = YES;
				CLANG_WARN_CONSTANT_CONVERSION = YES;
				CLANG_WARN_DIRECT_OBJC_ISA_USAGE = YES_ERROR;
				CLANG_WARN_DOCUMENTATION_COMMENTS = YES;
				CLANG_WARN_EMPTY_BODY = YES;
				CLANG_WARN_ENUM_CONVERSION = YES;
				CLANG_WARN_INFINITE_RECURSION = YES;
				CLANG_WARN_INT_CONVERSION = YES;
				CLANG_WARN_NON_LITERAL_NULL_CONVERSION = YES;
				CLANG_WARN_OBJC_LITERAL_CONVERSION = YES;
				CLANG_WARN_OBJC_ROOT_CLASS = YES_ERROR;
				CLANG_WARN_RANGE_LOOP_ANALYSIS = YES;
				CLANG_WARN_STRICT_PROTOTYPES = YES;
				CLANG_WARN_SUSPICIOUS_MOVE = YES;
				CLANG_WARN_UNGUARDED_AVAILABILITY = YES_AGGRESSIVE;
				CLANG_WARN_UNREACHABLE_CODE = YES;
				CLANG_WARN__DUPLICATE_METHOD_MATCH = YES;
				CODE_SIGN_IDENTITY = "iPhone Developer";
				COPY_PHASE_STRIP = NO;
				DEBUG_INFORMATION_FORMAT = "dwarf-with-dsym";
				ENABLE_NS_ASSERTIONS = NO;
				ENABLE_STRICT_OBJC_MSGSEND = YES;
				GCC_C_LANGUAGE_STANDARD = gnu11;
				GCC_NO_COMMON_BLOCKS = YES;
				GCC_WARN_64_TO_32_BIT_CONVERSION = YES;
				GCC_WARN_ABOUT_RETURN_TYPE = YES_ERROR;
				GCC_WARN_UNDECLARED_SELECTOR = YES;
				GCC_WARN_UNINITIALIZED_AUTOS = YES_AGGRESSIVE;
				GCC_WARN_UNUSED_FUNCTION = YES;
				GCC_WARN_UNUSED_VARIABLE = YES;
				IPHONEOS_DEPLOYMENT_TARGET = 11.2;
				MTL_ENABLE_DEBUG_INFO = NO;
				SDKROOT = iphoneos;
				VALIDATE_PRODUCT = YES;
			};
			name = Release;
		};
		FB9FA782204082220042E5A9 /* Debug */ = {
			isa = XCBuildConfiguration;
			baseConfigurationReference = 1F222DB834A5373303C30E08 /* Pods-Castable.debug.xcconfig */;
			buildSettings = {
				ASSETCATALOG_COMPILER_APPICON_NAME = AppIcon;
				CODE_SIGN_STYLE = Automatic;
				DEVELOPMENT_TEAM = S89BB3ZSCL;
				INFOPLIST_FILE = Castable/Info.plist;
				LD_RUNPATH_SEARCH_PATHS = "$(inherited) @executable_path/Frameworks";
				PRODUCT_BUNDLE_IDENTIFIER = co.panopsis.Castable;
				PRODUCT_NAME = "$(TARGET_NAME)";
				TARGETED_DEVICE_FAMILY = "1,2";
			};
			name = Debug;
		};
		FB9FA783204082220042E5A9 /* Release */ = {
			isa = XCBuildConfiguration;
			baseConfigurationReference = 2877EFE86A54AB988D3825B1 /* Pods-Castable.release.xcconfig */;
			buildSettings = {
				ASSETCATALOG_COMPILER_APPICON_NAME = AppIcon;
				CODE_SIGN_STYLE = Automatic;
				DEVELOPMENT_TEAM = S89BB3ZSCL;
				INFOPLIST_FILE = Castable/Info.plist;
				LD_RUNPATH_SEARCH_PATHS = "$(inherited) @executable_path/Frameworks";
				PRODUCT_BUNDLE_IDENTIFIER = co.panopsis.Castable;
				PRODUCT_NAME = "$(TARGET_NAME)";
				TARGETED_DEVICE_FAMILY = "1,2";
			};
			name = Release;
		};
		FB9FA785204082220042E5A9 /* Debug */ = {
			isa = XCBuildConfiguration;
			baseConfigurationReference = 4882B858A9A128F592F5D51C /* Pods-CastableTests.debug.xcconfig */;
			buildSettings = {
				BUNDLE_LOADER = "$(TEST_HOST)";
				CODE_SIGN_STYLE = Automatic;
				DEVELOPMENT_TEAM = S89BB3ZSCL;
				INFOPLIST_FILE = CastableTests/Info.plist;
				LD_RUNPATH_SEARCH_PATHS = "$(inherited) @executable_path/Frameworks @loader_path/Frameworks";
				PRODUCT_BUNDLE_IDENTIFIER = co.panopsis.CastableTests;
				PRODUCT_NAME = "$(TARGET_NAME)";
				TARGETED_DEVICE_FAMILY = "1,2";
				TEST_HOST = "$(BUILT_PRODUCTS_DIR)/Castable.app/Castable";
			};
			name = Debug;
		};
		FB9FA786204082220042E5A9 /* Release */ = {
			isa = XCBuildConfiguration;
			baseConfigurationReference = 759C8C6677E5A32A2286BD66 /* Pods-CastableTests.release.xcconfig */;
			buildSettings = {
				BUNDLE_LOADER = "$(TEST_HOST)";
				CODE_SIGN_STYLE = Automatic;
				DEVELOPMENT_TEAM = S89BB3ZSCL;
				INFOPLIST_FILE = CastableTests/Info.plist;
				LD_RUNPATH_SEARCH_PATHS = "$(inherited) @executable_path/Frameworks @loader_path/Frameworks";
				PRODUCT_BUNDLE_IDENTIFIER = co.panopsis.CastableTests;
				PRODUCT_NAME = "$(TARGET_NAME)";
				TARGETED_DEVICE_FAMILY = "1,2";
				TEST_HOST = "$(BUILT_PRODUCTS_DIR)/Castable.app/Castable";
			};
			name = Release;
		};
		FB9FA788204082220042E5A9 /* Debug */ = {
			isa = XCBuildConfiguration;
			baseConfigurationReference = CB3124E24BE3E6D64FFF87CB /* Pods-CastableUITests.debug.xcconfig */;
			buildSettings = {
				CODE_SIGN_STYLE = Automatic;
				DEVELOPMENT_TEAM = S89BB3ZSCL;
				INFOPLIST_FILE = CastableUITests/Info.plist;
				LD_RUNPATH_SEARCH_PATHS = "$(inherited) @executable_path/Frameworks @loader_path/Frameworks";
				PRODUCT_BUNDLE_IDENTIFIER = co.panopsis.CastableUITests;
				PRODUCT_NAME = "$(TARGET_NAME)";
				TARGETED_DEVICE_FAMILY = "1,2";
				TEST_TARGET_NAME = Castable;
			};
			name = Debug;
		};
		FB9FA789204082220042E5A9 /* Release */ = {
			isa = XCBuildConfiguration;
			baseConfigurationReference = C4496E70318C121C44AD671F /* Pods-CastableUITests.release.xcconfig */;
			buildSettings = {
				CODE_SIGN_STYLE = Automatic;
				DEVELOPMENT_TEAM = S89BB3ZSCL;
				INFOPLIST_FILE = CastableUITests/Info.plist;
				LD_RUNPATH_SEARCH_PATHS = "$(inherited) @executable_path/Frameworks @loader_path/Frameworks";
				PRODUCT_BUNDLE_IDENTIFIER = co.panopsis.CastableUITests;
				PRODUCT_NAME = "$(TARGET_NAME)";
				TARGETED_DEVICE_FAMILY = "1,2";
				TEST_TARGET_NAME = Castable;
			};
			name = Release;
		};
/* End XCBuildConfiguration section */

/* Begin XCConfigurationList section */
		FB9FA74D204082210042E5A9 /* Build configuration list for PBXProject "Castable" */ = {
			isa = XCConfigurationList;
			buildConfigurations = (
				FB9FA77F204082220042E5A9 /* Debug */,
				FB9FA780204082220042E5A9 /* Release */,
			);
			defaultConfigurationIsVisible = 0;
			defaultConfigurationName = Release;
		};
		FB9FA781204082220042E5A9 /* Build configuration list for PBXNativeTarget "Castable" */ = {
			isa = XCConfigurationList;
			buildConfigurations = (
				FB9FA782204082220042E5A9 /* Debug */,
				FB9FA783204082220042E5A9 /* Release */,
			);
			defaultConfigurationIsVisible = 0;
			defaultConfigurationName = Release;
		};
		FB9FA784204082220042E5A9 /* Build configuration list for PBXNativeTarget "CastableTests" */ = {
			isa = XCConfigurationList;
			buildConfigurations = (
				FB9FA785204082220042E5A9 /* Debug */,
				FB9FA786204082220042E5A9 /* Release */,
			);
			defaultConfigurationIsVisible = 0;
			defaultConfigurationName = Release;
		};
		FB9FA787204082220042E5A9 /* Build configuration list for PBXNativeTarget "CastableUITests" */ = {
			isa = XCConfigurationList;
			buildConfigurations = (
				FB9FA788204082220042E5A9 /* Debug */,
				FB9FA789204082220042E5A9 /* Release */,
			);
			defaultConfigurationIsVisible = 0;
			defaultConfigurationName = Release;
		};
/* End XCConfigurationList section */

/* Begin XCVersionGroup section */
		FB9FA75E204082220042E5A9 /* Castable.xcdatamodeld */ = {
			isa = XCVersionGroup;
			children = (
				FB9FA75F204082220042E5A9 /* Castable.xcdatamodel */,
			);
			currentVersion = FB9FA75F204082220042E5A9 /* Castable.xcdatamodel */;
			path = Castable.xcdatamodeld;
			sourceTree = "<group>";
			versionGroupType = wrapper.xcdatamodel;
		};
/* End XCVersionGroup section */
	};
	rootObject = FB9FA74A204082210042E5A9 /* Project object */;
}
